
Microsoft Visual Studio Solution File, Format Version 12.00
# Visual Studio Version 17
VisualStudioVersion = 17.9.34616.47
MinimumVisualStudioVersion = 10.0.40219.1
Project("{FAE04EC0-301F-11D3-BF4B-00C04F79EFBC}") = "DiamondKata", "DiamondKata.csproj", "{A63F4B76-A022-4C23-BE68-93F968EE3153}"
EndProject
Global
	GlobalSection(SolutionConfigurationPlatforms) = preSolution
		Debug|Any CPU = Debug|Any CPU
		Release|Any CPU = Release|Any CPU
	EndGlobalSection
	GlobalSection(ProjectConfigurationPlatforms) = postSolution
		{A63F4B76-A022-4C23-BE68-93F968EE3153}.Debug|Any CPU.ActiveCfg = Debug|Any CPU
		{A63F4B76-A022-4C23-BE68-93F968EE3153}.Debug|Any CPU.Build.0 = Debug|Any CPU
		{A63F4B76-A022-4C23-BE68-93F968EE3153}.Release|Any CPU.ActiveCfg = Release|Any CPU
		{A63F4B76-A022-4C23-BE68-93F968EE3153}.Release|Any CPU.Build.0 = Release|Any CPU
	EndGlobalSection
	GlobalSection(SolutionProperties) = preSolution
		HideSolutionNode = FALSE
	EndGlobalSection
	GlobalSection(ExtensibilityGlobals) = postSolution
		SolutionGuid = {7F276322-00E1-4914-AEFB-51FB98B9A789}
	EndGlobalSection
EndGlobal
